
Microsoft Visual Studio Solution File, Format Version 12.00
# Visual Studio Version 16
VisualStudioVersion = 16.0.29009.5
MinimumVisualStudioVersion = 10.0.40219.1
Project("{2150E333-8FDC-42A3-9474-1A3956D46DE8}") = "src", "src", "{AD39E180-265C-4D4A-A6E7-6C58C6031D0B}"
EndProject
Project("{9A19103F-16F7-4668-BE54-9A1E7A4F7556}") = "Glader.ASP.Authentication.Models", "src\Glader.ASP.Authentication.Models\Glader.ASP.Authentication.Models.csproj", "{A0E73111-A320-44A7-BD0C-7211991A81C2}"
EndProject
Global
	GlobalSection(SolutionConfigurationPlatforms) = preSolution
		Debug|Any CPU = Debug|Any CPU
		Release|Any CPU = Release|Any CPU
	EndGlobalSection
	GlobalSection(ProjectConfigurationPlatforms) = postSolution
		{A0E73111-A320-44A7-BD0C-7211991A81C2}.Debug|Any CPU.ActiveCfg = Debug|Any CPU
		{A0E73111-A320-44A7-BD0C-7211991A81C2}.Debug|Any CPU.Build.0 = Debug|Any CPU
		{A0E73111-A320-44A7-BD0C-7211991A81C2}.Release|Any CPU.ActiveCfg = Release|Any CPU
		{A0E73111-A320-44A7-BD0C-7211991A81C2}.Release|Any CPU.Build.0 = Release|Any CPU
	EndGlobalSection
	GlobalSection(SolutionProperties) = preSolution
		HideSolutionNode = FALSE
	EndGlobalSection
	GlobalSection(NestedProjects) = preSolution
		{A0E73111-A320-44A7-BD0C-7211991A81C2} = {AD39E180-265C-4D4A-A6E7-6C58C6031D0B}
	EndGlobalSection
	GlobalSection(ExtensibilityGlobals) = postSolution
		SolutionGuid = {96D6F278-C17C-4F0D-B369-D35066F46F30}
	EndGlobalSection
EndGlobal
